// !$*UTF8*$!
{
	archiveVersion = 1;
	classes = {
	};
	objectVersion = 56;
	objects = {

/* Begin PBXBuildFile section */
		E40F56BF299CBC8B00578EC1 /* Main.storyboard in Resources */ = {isa = PBXBuildFile; fileRef = E40F56BD299CBC8B00578EC1 /* Main.storyboard */; };
		E40F56C1299CBC8D00578EC1 /* Assets.xcassets in Resources */ = {isa = PBXBuildFile; fileRef = E40F56C0299CBC8D00578EC1 /* Assets.xcassets */; };
		E40F56C4299CBC8D00578EC1 /* LaunchScreen.storyboard in Resources */ = {isa = PBXBuildFile; fileRef = E40F56C2299CBC8D00578EC1 /* LaunchScreen.storyboard */; };
		E40F56D2299CBD5700578EC1 /* AppDelegate.swift in Sources */ = {isa = PBXBuildFile; fileRef = E40F56CF299CBD5700578EC1 /* AppDelegate.swift */; };
		E40F56D5299CBDB200578EC1 /* LaunchViewController.swift in Sources */ = {isa = PBXBuildFile; fileRef = E40F56D4299CBDB200578EC1 /* LaunchViewController.swift */; };
		E40F56D7299CBDC800578EC1 /* Launch.storyboard in Resources */ = {isa = PBXBuildFile; fileRef = E40F56D6299CBDC800578EC1 /* Launch.storyboard */; };
		E40F56D9299CC00C00578EC1 /* BootstrapViewController.swift in Sources */ = {isa = PBXBuildFile; fileRef = E40F56D8299CC00C00578EC1 /* BootstrapViewController.swift */; };
		E40F56DC299CC51900578EC1 /* AppDelegate+Extensions.swift in Sources */ = {isa = PBXBuildFile; fileRef = E40F56DB299CC51900578EC1 /* AppDelegate+Extensions.swift */; };
		E40F56DF299CD0D500578EC1 /* Configure.swift in Sources */ = {isa = PBXBuildFile; fileRef = E40F56DE299CD0D500578EC1 /* Configure.swift */; };
		E40F56E1299CD0FD00578EC1 /* AppConfigure.swift in Sources */ = {isa = PBXBuildFile; fileRef = E40F56E0299CD0FD00578EC1 /* AppConfigure.swift */; };
		E40F56E4299CD32C00578EC1 /* Version.swift in Sources */ = {isa = PBXBuildFile; fileRef = E40F56E3299CD32C00578EC1 /* Version.swift */; };
		E40F56E6299CDE2000578EC1 /* File.swift in Sources */ = {isa = PBXBuildFile; fileRef = E40F56E5299CDE2000578EC1 /* File.swift */; };
		E40F56E8299CDEC300578EC1 /* Date+Extensions.swift in Sources */ = {isa = PBXBuildFile; fileRef = E40F56E7299CDEC300578EC1 /* Date+Extensions.swift */; };
		E40F56EA299CE42F00578EC1 /* UIViewController+Extensions.swift in Sources */ = {isa = PBXBuildFile; fileRef = E40F56E9299CE42F00578EC1 /* UIViewController+Extensions.swift */; };
		E40F56EC299CE4DF00578EC1 /* NavigationController.swift in Sources */ = {isa = PBXBuildFile; fileRef = E40F56EB299CE4DF00578EC1 /* NavigationController.swift */; };
		E40F56EF299E0CA300578EC1 /* AlertPresentable.swift in Sources */ = {isa = PBXBuildFile; fileRef = E40F56EE299E0CA200578EC1 /* AlertPresentable.swift */; };
		E40F56F1299E0E9300578EC1 /* ActionSheetPresentable.swift in Sources */ = {isa = PBXBuildFile; fileRef = E40F56F0299E0E9300578EC1 /* ActionSheetPresentable.swift */; };
		E40F56F3299E105600578EC1 /* ResultWithProgress.swift in Sources */ = {isa = PBXBuildFile; fileRef = E40F56F2299E105600578EC1 /* ResultWithProgress.swift */; };
		E40F56FA299E11F900578EC1 /* FontListViewController.swift in Sources */ = {isa = PBXBuildFile; fileRef = E40F56F5299E11F900578EC1 /* FontListViewController.swift */; };
		E40F56FB299E11F900578EC1 /* FontListFontCell.swift in Sources */ = {isa = PBXBuildFile; fileRef = E40F56F6299E11F900578EC1 /* FontListFontCell.swift */; };
		E40F56FC299E11F900578EC1 /* FontListPresenter.swift in Sources */ = {isa = PBXBuildFile; fileRef = E40F56F7299E11F900578EC1 /* FontListPresenter.swift */; };
		E40F56FD299E11F900578EC1 /* FontList.storyboard in Resources */ = {isa = PBXBuildFile; fileRef = E40F56F8299E11F900578EC1 /* FontList.storyboard */; };
		E40F56FE299E11F900578EC1 /* FontListFamilyCell.swift in Sources */ = {isa = PBXBuildFile; fileRef = E40F56F9299E11F900578EC1 /* FontListFamilyCell.swift */; };
		E40F5700299E307300578EC1 /* UITableView+Extensions.swift in Sources */ = {isa = PBXBuildFile; fileRef = E40F56FF299E307300578EC1 /* UITableView+Extensions.swift */; };
		E479DBE929A31DD200A732DA /* Number+Extensions.swift in Sources */ = {isa = PBXBuildFile; fileRef = E479DBE829A31DD200A732DA /* Number+Extensions.swift */; };
		E479DBEB29A31F1F00A732DA /* Array+Extensions.swift in Sources */ = {isa = PBXBuildFile; fileRef = E479DBEA29A31F1F00A732DA /* Array+Extensions.swift */; };
		E479DBED29A3A6E100A732DA /* String+Extensions.swift in Sources */ = {isa = PBXBuildFile; fileRef = E479DBEC29A3A6E000A732DA /* String+Extensions.swift */; };
		E479DBEF29A3AAD100A732DA /* CoreGraphics+Extensions.swift in Sources */ = {isa = PBXBuildFile; fileRef = E479DBEE29A3AAD100A732DA /* CoreGraphics+Extensions.swift */; };
/* End PBXBuildFile section */

/* Begin PBXFileReference section */
		E40F56B4299CBC8B00578EC1 /* iOS-Classes.app */ = {isa = PBXFileReference; explicitFileType = wrapper.application; includeInIndex = 0; path = "iOS-Classes.app"; sourceTree = BUILT_PRODUCTS_DIR; };
		E40F56BE299CBC8B00578EC1 /* Base */ = {isa = PBXFileReference; lastKnownFileType = file.storyboard; name = Base; path = Base.lproj/Main.storyboard; sourceTree = "<group>"; };
		E40F56C0299CBC8D00578EC1 /* Assets.xcassets */ = {isa = PBXFileReference; lastKnownFileType = folder.assetcatalog; path = Assets.xcassets; sourceTree = "<group>"; };
		E40F56C3299CBC8D00578EC1 /* Base */ = {isa = PBXFileReference; lastKnownFileType = file.storyboard; name = Base; path = Base.lproj/LaunchScreen.storyboard; sourceTree = "<group>"; };
		E40F56C5299CBC8D00578EC1 /* Info.plist */ = {isa = PBXFileReference; lastKnownFileType = text.plist.xml; path = Info.plist; sourceTree = "<group>"; };
		E40F56CF299CBD5700578EC1 /* AppDelegate.swift */ = {isa = PBXFileReference; fileEncoding = 4; lastKnownFileType = sourcecode.swift; path = AppDelegate.swift; sourceTree = "<group>"; };
		E40F56D4299CBDB200578EC1 /* LaunchViewController.swift */ = {isa = PBXFileReference; fileEncoding = 4; lastKnownFileType = sourcecode.swift; path = LaunchViewController.swift; sourceTree = "<group>"; };
		E40F56D6299CBDC800578EC1 /* Launch.storyboard */ = {isa = PBXFileReference; lastKnownFileType = file.storyboard; path = Launch.storyboard; sourceTree = "<group>"; };
		E40F56D8299CC00C00578EC1 /* BootstrapViewController.swift */ = {isa = PBXFileReference; lastKnownFileType = sourcecode.swift; path = BootstrapViewController.swift; sourceTree = "<group>"; };
		E40F56DB299CC51900578EC1 /* AppDelegate+Extensions.swift */ = {isa = PBXFileReference; fileEncoding = 4; lastKnownFileType = sourcecode.swift; path = "AppDelegate+Extensions.swift"; sourceTree = "<group>"; };
		E40F56DE299CD0D500578EC1 /* Configure.swift */ = {isa = PBXFileReference; fileEncoding = 4; lastKnownFileType = sourcecode.swift; path = Configure.swift; sourceTree = "<group>"; };
		E40F56E0299CD0FD00578EC1 /* AppConfigure.swift */ = {isa = PBXFileReference; fileEncoding = 4; lastKnownFileType = sourcecode.swift; path = AppConfigure.swift; sourceTree = "<group>"; };
		E40F56E3299CD32C00578EC1 /* Version.swift */ = {isa = PBXFileReference; fileEncoding = 4; lastKnownFileType = sourcecode.swift; path = Version.swift; sourceTree = "<group>"; };
		E40F56E5299CDE2000578EC1 /* File.swift */ = {isa = PBXFileReference; fileEncoding = 4; lastKnownFileType = sourcecode.swift; path = File.swift; sourceTree = "<group>"; };
		E40F56E7299CDEC300578EC1 /* Date+Extensions.swift */ = {isa = PBXFileReference; fileEncoding = 4; lastKnownFileType = sourcecode.swift; path = "Date+Extensions.swift"; sourceTree = "<group>"; };
		E40F56E9299CE42F00578EC1 /* UIViewController+Extensions.swift */ = {isa = PBXFileReference; fileEncoding = 4; lastKnownFileType = sourcecode.swift; path = "UIViewController+Extensions.swift"; sourceTree = "<group>"; };
		E40F56EB299CE4DF00578EC1 /* NavigationController.swift */ = {isa = PBXFileReference; fileEncoding = 4; lastKnownFileType = sourcecode.swift; path = NavigationController.swift; sourceTree = "<group>"; };
		E40F56EE299E0CA200578EC1 /* AlertPresentable.swift */ = {isa = PBXFileReference; fileEncoding = 4; lastKnownFileType = sourcecode.swift; path = AlertPresentable.swift; sourceTree = "<group>"; };
		E40F56F0299E0E9300578EC1 /* ActionSheetPresentable.swift */ = {isa = PBXFileReference; fileEncoding = 4; lastKnownFileType = sourcecode.swift; path = ActionSheetPresentable.swift; sourceTree = "<group>"; };
		E40F56F2299E105600578EC1 /* ResultWithProgress.swift */ = {isa = PBXFileReference; fileEncoding = 4; lastKnownFileType = sourcecode.swift; path = ResultWithProgress.swift; sourceTree = "<group>"; };
		E40F56F5299E11F900578EC1 /* FontListViewController.swift */ = {isa = PBXFileReference; fileEncoding = 4; lastKnownFileType = sourcecode.swift; path = FontListViewController.swift; sourceTree = "<group>"; };
		E40F56F6299E11F900578EC1 /* FontListFontCell.swift */ = {isa = PBXFileReference; fileEncoding = 4; lastKnownFileType = sourcecode.swift; path = FontListFontCell.swift; sourceTree = "<group>"; };
		E40F56F7299E11F900578EC1 /* FontListPresenter.swift */ = {isa = PBXFileReference; fileEncoding = 4; lastKnownFileType = sourcecode.swift; path = FontListPresenter.swift; sourceTree = "<group>"; };
		E40F56F8299E11F900578EC1 /* FontList.storyboard */ = {isa = PBXFileReference; fileEncoding = 4; lastKnownFileType = file.storyboard; path = FontList.storyboard; sourceTree = "<group>"; };
		E40F56F9299E11F900578EC1 /* FontListFamilyCell.swift */ = {isa = PBXFileReference; fileEncoding = 4; lastKnownFileType = sourcecode.swift; path = FontListFamilyCell.swift; sourceTree = "<group>"; };
		E40F56FF299E307300578EC1 /* UITableView+Extensions.swift */ = {isa = PBXFileReference; fileEncoding = 4; lastKnownFileType = sourcecode.swift; path = "UITableView+Extensions.swift"; sourceTree = "<group>"; };
		E479DBE829A31DD200A732DA /* Number+Extensions.swift */ = {isa = PBXFileReference; fileEncoding = 4; lastKnownFileType = sourcecode.swift; path = "Number+Extensions.swift"; sourceTree = "<group>"; };
		E479DBEA29A31F1F00A732DA /* Array+Extensions.swift */ = {isa = PBXFileReference; fileEncoding = 4; lastKnownFileType = sourcecode.swift; path = "Array+Extensions.swift"; sourceTree = "<group>"; };
		E479DBEC29A3A6E000A732DA /* String+Extensions.swift */ = {isa = PBXFileReference; fileEncoding = 4; lastKnownFileType = sourcecode.swift; path = "String+Extensions.swift"; sourceTree = "<group>"; };
		E479DBEE29A3AAD100A732DA /* CoreGraphics+Extensions.swift */ = {isa = PBXFileReference; fileEncoding = 4; lastKnownFileType = sourcecode.swift; path = "CoreGraphics+Extensions.swift"; sourceTree = "<group>"; };
/* End PBXFileReference section */

/* Begin PBXFrameworksBuildPhase section */
		E40F56B1299CBC8B00578EC1 /* Frameworks */ = {
			isa = PBXFrameworksBuildPhase;
			buildActionMask = 2147483647;
			files = (
			);
			runOnlyForDeploymentPostprocessing = 0;
		};
/* End PBXFrameworksBuildPhase section */

/* Begin PBXGroup section */
		E40F56AB299CBC8B00578EC1 = {
			isa = PBXGroup;
			children = (
				E40F56B6299CBC8B00578EC1 /* iOS-Classes */,
				E40F56B5299CBC8B00578EC1 /* Products */,
			);
			sourceTree = "<group>";
		};
		E40F56B5299CBC8B00578EC1 /* Products */ = {
			isa = PBXGroup;
			children = (
				E40F56B4299CBC8B00578EC1 /* iOS-Classes.app */,
			);
			name = Products;
			sourceTree = "<group>";
		};
		E40F56B6299CBC8B00578EC1 /* iOS-Classes */ = {
			isa = PBXGroup;
			children = (
				E40F56CB299CBD5700578EC1 /* Sources */,
				E40F56D0299CBD5700578EC1 /* Resources */,
				E40F56C0299CBC8D00578EC1 /* Assets.xcassets */,
				E40F56BD299CBC8B00578EC1 /* Main.storyboard */,
				E40F56C2299CBC8D00578EC1 /* LaunchScreen.storyboard */,
				E40F56C5299CBC8D00578EC1 /* Info.plist */,
			);
			path = "iOS-Classes";
			sourceTree = "<group>";
		};
		E40F56CB299CBD5700578EC1 /* Sources */ = {
			isa = PBXGroup;
			children = (
				E40F56CE299CBD5700578EC1 /* Applications */,
				E40F56DA299CC51900578EC1 /* Extensions */,
				E40F56ED299E0CA200578EC1 /* Protocols */,
				E40F56E2299CD32C00578EC1 /* Entities */,
				E40F56DD299CD0D500578EC1 /* Utilities */,
				E40F56CC299CBD5700578EC1 /* ViewControllers */,
			);
			path = Sources;
			sourceTree = "<group>";
		};
		E40F56CC299CBD5700578EC1 /* ViewControllers */ = {
			isa = PBXGroup;
			children = (
				E40F56D8299CC00C00578EC1 /* BootstrapViewController.swift */,
				E40F56D3299CBDB200578EC1 /* Launch */,
				E40F56F4299E11F900578EC1 /* FontList */,
			);
			path = ViewControllers;
			sourceTree = "<group>";
		};
		E40F56CE299CBD5700578EC1 /* Applications */ = {
			isa = PBXGroup;
			children = (
				E40F56CF299CBD5700578EC1 /* AppDelegate.swift */,
				E40F56E0299CD0FD00578EC1 /* AppConfigure.swift */,
				E40F56EB299CE4DF00578EC1 /* NavigationController.swift */,
			);
			path = Applications;
			sourceTree = "<group>";
		};
		E40F56D0299CBD5700578EC1 /* Resources */ = {
			isa = PBXGroup;
			children = (
			);
			path = Resources;
			sourceTree = "<group>";
		};
		E40F56D3299CBDB200578EC1 /* Launch */ = {
			isa = PBXGroup;
			children = (
				E40F56D6299CBDC800578EC1 /* Launch.storyboard */,
				E40F56D4299CBDB200578EC1 /* LaunchViewController.swift */,
			);
			path = Launch;
			sourceTree = "<group>";
		};
		E40F56DA299CC51900578EC1 /* Extensions */ = {
			isa = PBXGroup;
			children = (
				E40F56DB299CC51900578EC1 /* AppDelegate+Extensions.swift */,
				E479DBEC29A3A6E000A732DA /* String+Extensions.swift */,
				E479DBEA29A31F1F00A732DA /* Array+Extensions.swift */,
				E479DBE829A31DD200A732DA /* Number+Extensions.swift */,
				E40F56E7299CDEC300578EC1 /* Date+Extensions.swift */,
				E40F56E9299CE42F00578EC1 /* UIViewController+Extensions.swift */,
				E40F56FF299E307300578EC1 /* UITableView+Extensions.swift */,
				E479DBEE29A3AAD100A732DA /* CoreGraphics+Extensions.swift */,
			);
			path = Extensions;
			sourceTree = "<group>";
		};
		E40F56DD299CD0D500578EC1 /* Utilities */ = {
			isa = PBXGroup;
			children = (
				E40F56DE299CD0D500578EC1 /* Configure.swift */,
				E40F56F2299E105600578EC1 /* ResultWithProgress.swift */,
			);
			path = Utilities;
			sourceTree = "<group>";
		};
		E40F56E2299CD32C00578EC1 /* Entities */ = {
			isa = PBXGroup;
			children = (
				E40F56E5299CDE2000578EC1 /* File.swift */,
				E40F56E3299CD32C00578EC1 /* Version.swift */,
			);
			path = Entities;
			sourceTree = "<group>";
		};
		E40F56ED299E0CA200578EC1 /* Protocols */ = {
			isa = PBXGroup;
			children = (
				E40F56EE299E0CA200578EC1 /* AlertPresentable.swift */,
				E40F56F0299E0E9300578EC1 /* ActionSheetPresentable.swift */,
			);
			path = Protocols;
			sourceTree = "<group>";
		};
		E40F56F4299E11F900578EC1 /* FontList */ = {
			isa = PBXGroup;
			children = (
				E40F56F8299E11F900578EC1 /* FontList.storyboard */,
				E40F56F5299E11F900578EC1 /* FontListViewController.swift */,
				E40F56F7299E11F900578EC1 /* FontListPresenter.swift */,
				E40F56F9299E11F900578EC1 /* FontListFamilyCell.swift */,
				E40F56F6299E11F900578EC1 /* FontListFontCell.swift */,
			);
			path = FontList;
			sourceTree = "<group>";
		};
/* End PBXGroup section */

/* Begin PBXNativeTarget section */
		E40F56B3299CBC8B00578EC1 /* iOS-Classes */ = {
			isa = PBXNativeTarget;
			buildConfigurationList = E40F56C8299CBC8D00578EC1 /* Build configuration list for PBXNativeTarget "iOS-Classes" */;
			buildPhases = (
				E40F56B0299CBC8B00578EC1 /* Sources */,
				E40F56B1299CBC8B00578EC1 /* Frameworks */,
				E40F56B2299CBC8B00578EC1 /* Resources */,
			);
			buildRules = (
			);
			dependencies = (
			);
			name = "iOS-Classes";
			productName = "iOS-Classes";
			productReference = E40F56B4299CBC8B00578EC1 /* iOS-Classes.app */;
			productType = "com.apple.product-type.application";
		};
/* End PBXNativeTarget section */

/* Begin PBXProject section */
		E40F56AC299CBC8B00578EC1 /* Project object */ = {
			isa = PBXProject;
			attributes = {
				BuildIndependentTargetsInParallel = 1;
				LastSwiftUpdateCheck = 1420;
				LastUpgradeCheck = 1420;
				TargetAttributes = {
					E40F56B3299CBC8B00578EC1 = {
						CreatedOnToolsVersion = 14.2;
					};
				};
			};
			buildConfigurationList = E40F56AF299CBC8B00578EC1 /* Build configuration list for PBXProject "iOS-Classes" */;
			compatibilityVersion = "Xcode 14.0";
			developmentRegion = en;
			hasScannedForEncodings = 0;
			knownRegions = (
				en,
				Base,
			);
			mainGroup = E40F56AB299CBC8B00578EC1;
			productRefGroup = E40F56B5299CBC8B00578EC1 /* Products */;
			projectDirPath = "";
			projectRoot = "";
			targets = (
				E40F56B3299CBC8B00578EC1 /* iOS-Classes */,
			);
		};
/* End PBXProject section */

/* Begin PBXResourcesBuildPhase section */
		E40F56B2299CBC8B00578EC1 /* Resources */ = {
			isa = PBXResourcesBuildPhase;
			buildActionMask = 2147483647;
			files = (
				E40F56FD299E11F900578EC1 /* FontList.storyboard in Resources */,
				E40F56C4299CBC8D00578EC1 /* LaunchScreen.storyboard in Resources */,
				E40F56C1299CBC8D00578EC1 /* Assets.xcassets in Resources */,
				E40F56BF299CBC8B00578EC1 /* Main.storyboard in Resources */,
				E40F56D7299CBDC800578EC1 /* Launch.storyboard in Resources */,
			);
			runOnlyForDeploymentPostprocessing = 0;
		};
/* End PBXResourcesBuildPhase section */

/* Begin PBXSourcesBuildPhase section */
		E40F56B0299CBC8B00578EC1 /* Sources */ = {
			isa = PBXSourcesBuildPhase;
			buildActionMask = 2147483647;
			files = (
				E40F56EC299CE4DF00578EC1 /* NavigationController.swift in Sources */,
				E40F56D9299CC00C00578EC1 /* BootstrapViewController.swift in Sources */,
				E479DBE929A31DD200A732DA /* Number+Extensions.swift in Sources */,
				E40F56D2299CBD5700578EC1 /* AppDelegate.swift in Sources */,
				E40F56FC299E11F900578EC1 /* FontListPresenter.swift in Sources */,
				E40F56FB299E11F900578EC1 /* FontListFontCell.swift in Sources */,
				E40F56F1299E0E9300578EC1 /* ActionSheetPresentable.swift in Sources */,
				E40F56EA299CE42F00578EC1 /* UIViewController+Extensions.swift in Sources */,
				E40F56E8299CDEC300578EC1 /* Date+Extensions.swift in Sources */,
				E40F56E1299CD0FD00578EC1 /* AppConfigure.swift in Sources */,
				E479DBEB29A31F1F00A732DA /* Array+Extensions.swift in Sources */,
				E40F56FA299E11F900578EC1 /* FontListViewController.swift in Sources */,
				E479DBED29A3A6E100A732DA /* String+Extensions.swift in Sources */,
				E479DBEF29A3AAD100A732DA /* CoreGraphics+Extensions.swift in Sources */,
				E40F56F3299E105600578EC1 /* ResultWithProgress.swift in Sources */,
				E40F56DC299CC51900578EC1 /* AppDelegate+Extensions.swift in Sources */,
				E40F56E4299CD32C00578EC1 /* Version.swift in Sources */,
				E40F56E6299CDE2000578EC1 /* File.swift in Sources */,
				E40F56D5299CBDB200578EC1 /* LaunchViewController.swift in Sources */,
				E40F5700299E307300578EC1 /* UITableView+Extensions.swift in Sources */,
				E40F56FE299E11F900578EC1 /* FontListFamilyCell.swift in Sources */,
				E40F56EF299E0CA300578EC1 /* AlertPresentable.swift in Sources */,
				E40F56DF299CD0D500578EC1 /* Configure.swift in Sources */,
			);
			runOnlyForDeploymentPostprocessing = 0;
		};
/* End PBXSourcesBuildPhase section */

/* Begin PBXVariantGroup section */
		E40F56BD299CBC8B00578EC1 /* Main.storyboard */ = {
			isa = PBXVariantGroup;
			children = (
				E40F56BE299CBC8B00578EC1 /* Base */,
			);
			name = Main.storyboard;
			sourceTree = "<group>";
		};
		E40F56C2299CBC8D00578EC1 /* LaunchScreen.storyboard */ = {
			isa = PBXVariantGroup;
			children = (
				E40F56C3299CBC8D00578EC1 /* Base */,
			);
			name = LaunchScreen.storyboard;
			sourceTree = "<group>";
		};
/* End PBXVariantGroup section */

/* Begin XCBuildConfiguration section */
		E40F56C6299CBC8D00578EC1 /* Debug */ = {
			isa = XCBuildConfiguration;
			buildSettings = {
				ALWAYS_SEARCH_USER_PATHS = NO;
				CLANG_ANALYZER_NONNULL = YES;
				CLANG_ANALYZER_NUMBER_OBJECT_CONVERSION = YES_AGGRESSIVE;
				CLANG_CXX_LANGUAGE_STANDARD = "gnu++20";
				CLANG_ENABLE_MODULES = YES;
				CLANG_ENABLE_OBJC_ARC = YES;
				CLANG_ENABLE_OBJC_WEAK = YES;
				CLANG_WARN_BLOCK_CAPTURE_AUTORELEASING = YES;
				CLANG_WARN_BOOL_CONVERSION = YES;
				CLANG_WARN_COMMA = YES;
				CLANG_WARN_CONSTANT_CONVERSION = YES;
				CLANG_WARN_DEPRECATED_OBJC_IMPLEMENTATIONS = YES;
				CLANG_WARN_DIRECT_OBJC_ISA_USAGE = YES_ERROR;
				CLANG_WARN_DOCUMENTATION_COMMENTS = YES;
				CLANG_WARN_EMPTY_BODY = YES;
				CLANG_WARN_ENUM_CONVERSION = YES;
				CLANG_WARN_INFINITE_RECURSION = YES;
				CLANG_WARN_INT_CONVERSION = YES;
				CLANG_WARN_NON_LITERAL_NULL_CONVERSION = YES;
				CLANG_WARN_OBJC_IMPLICIT_RETAIN_SELF = YES;
				CLANG_WARN_OBJC_LITERAL_CONVERSION = YES;
				CLANG_WARN_OBJC_ROOT_CLASS = YES_ERROR;
				CLANG_WARN_QUOTED_INCLUDE_IN_FRAMEWORK_HEADER = YES;
				CLANG_WARN_RANGE_LOOP_ANALYSIS = YES;
				CLANG_WARN_STRICT_PROTOTYPES = YES;
				CLANG_WARN_SUSPICIOUS_MOVE = YES;
				CLANG_WARN_UNGUARDED_AVAILABILITY = YES_AGGRESSIVE;
				CLANG_WARN_UNREACHABLE_CODE = YES;
				CLANG_WARN__DUPLICATE_METHOD_MATCH = YES;
				COPY_PHASE_STRIP = NO;
				DEBUG_INFORMATION_FORMAT = dwarf;
				ENABLE_STRICT_OBJC_MSGSEND = YES;
				ENABLE_TESTABILITY = YES;
				GCC_C_LANGUAGE_STANDARD = gnu11;
				GCC_DYNAMIC_NO_PIC = NO;
				GCC_NO_COMMON_BLOCKS = YES;
				GCC_OPTIMIZATION_LEVEL = 0;
				GCC_PREPROCESSOR_DEFINITIONS = (
					"DEBUG=1",
					"$(inherited)",
				);
				GCC_WARN_64_TO_32_BIT_CONVERSION = YES;
				GCC_WARN_ABOUT_RETURN_TYPE = YES_ERROR;
				GCC_WARN_UNDECLARED_SELECTOR = YES;
				GCC_WARN_UNINITIALIZED_AUTOS = YES_AGGRESSIVE;
				GCC_WARN_UNUSED_FUNCTION = YES;
				GCC_WARN_UNUSED_VARIABLE = YES;
				IPHONEOS_DEPLOYMENT_TARGET = 16.2;
				MTL_ENABLE_DEBUG_INFO = INCLUDE_SOURCE;
				MTL_FAST_MATH = YES;
				ONLY_ACTIVE_ARCH = YES;
				SDKROOT = iphoneos;
				SWIFT_ACTIVE_COMPILATION_CONDITIONS = DEBUG;
				SWIFT_OPTIMIZATION_LEVEL = "-Onone";
			};
			name = Debug;
		};
		E40F56C7299CBC8D00578EC1 /* Release */ = {
			isa = XCBuildConfiguration;
			buildSettings = {
				ALWAYS_SEARCH_USER_PATHS = NO;
				CLANG_ANALYZER_NONNULL = YES;
				CLANG_ANALYZER_NUMBER_OBJECT_CONVERSION = YES_AGGRESSIVE;
				CLANG_CXX_LANGUAGE_STANDARD = "gnu++20";
				CLANG_ENABLE_MODULES = YES;
				CLANG_ENABLE_OBJC_ARC = YES;
				CLANG_ENABLE_OBJC_WEAK = YES;
				CLANG_WARN_BLOCK_CAPTURE_AUTORELEASING = YES;
				CLANG_WARN_BOOL_CONVERSION = YES;
				CLANG_WARN_COMMA = YES;
				CLANG_WARN_CONSTANT_CONVERSION = YES;
				CLANG_WARN_DEPRECATED_OBJC_IMPLEMENTATIONS = YES;
				CLANG_WARN_DIRECT_OBJC_ISA_USAGE = YES_ERROR;
				CLANG_WARN_DOCUMENTATION_COMMENTS = YES;
				CLANG_WARN_EMPTY_BODY = YES;
				CLANG_WARN_ENUM_CONVERSION = YES;
				CLANG_WARN_INFINITE_RECURSION = YES;
				CLANG_WARN_INT_CONVERSION = YES;
				CLANG_WARN_NON_LITERAL_NULL_CONVERSION = YES;
				CLANG_WARN_OBJC_IMPLICIT_RETAIN_SELF = YES;
				CLANG_WARN_OBJC_LITERAL_CONVERSION = YES;
				CLANG_WARN_OBJC_ROOT_CLASS = YES_ERROR;
				CLANG_WARN_QUOTED_INCLUDE_IN_FRAMEWORK_HEADER = YES;
				CLANG_WARN_RANGE_LOOP_ANALYSIS = YES;
				CLANG_WARN_STRICT_PROTOTYPES = YES;
				CLANG_WARN_SUSPICIOUS_MOVE = YES;
				CLANG_WARN_UNGUARDED_AVAILABILITY = YES_AGGRESSIVE;
				CLANG_WARN_UNREACHABLE_CODE = YES;
				CLANG_WARN__DUPLICATE_METHOD_MATCH = YES;
				COPY_PHASE_STRIP = NO;
				DEBUG_INFORMATION_FORMAT = "dwarf-with-dsym";
				ENABLE_NS_ASSERTIONS = NO;
				ENABLE_STRICT_OBJC_MSGSEND = YES;
				GCC_C_LANGUAGE_STANDARD = gnu11;
				GCC_NO_COMMON_BLOCKS = YES;
				GCC_WARN_64_TO_32_BIT_CONVERSION = YES;
				GCC_WARN_ABOUT_RETURN_TYPE = YES_ERROR;
				GCC_WARN_UNDECLARED_SELECTOR = YES;
				GCC_WARN_UNINITIALIZED_AUTOS = YES_AGGRESSIVE;
				GCC_WARN_UNUSED_FUNCTION = YES;
				GCC_WARN_UNUSED_VARIABLE = YES;
				IPHONEOS_DEPLOYMENT_TARGET = 16.2;
				MTL_ENABLE_DEBUG_INFO = NO;
				MTL_FAST_MATH = YES;
				SDKROOT = iphoneos;
				SWIFT_COMPILATION_MODE = wholemodule;
				SWIFT_OPTIMIZATION_LEVEL = "-O";
				VALIDATE_PRODUCT = YES;
			};
			name = Release;
		};
		E40F56C9299CBC8D00578EC1 /* Debug */ = {
			isa = XCBuildConfiguration;
			buildSettings = {
				ASSETCATALOG_COMPILER_APPICON_NAME = AppIcon;
				ASSETCATALOG_COMPILER_GLOBAL_ACCENT_COLOR_NAME = AccentColor;
				CODE_SIGN_STYLE = Automatic;
				CURRENT_PROJECT_VERSION = 1;
				DEVELOPMENT_TEAM = E62W3VPGQ5;
				GENERATE_INFOPLIST_FILE = YES;
				INFOPLIST_FILE = "iOS-Classes/Info.plist";
				INFOPLIST_KEY_UIApplicationSupportsIndirectInputEvents = YES;
				INFOPLIST_KEY_UILaunchStoryboardName = LaunchScreen;
				INFOPLIST_KEY_UIMainStoryboardFile = Main;
				INFOPLIST_KEY_UISupportedInterfaceOrientations = UIInterfaceOrientationPortrait;
				INFOPLIST_KEY_UISupportedInterfaceOrientations_iPad = "UIInterfaceOrientationLandscapeLeft UIInterfaceOrientationLandscapeRight UIInterfaceOrientationPortrait UIInterfaceOrientationPortraitUpsideDown";
				LD_RUNPATH_SEARCH_PATHS = (
					"$(inherited)",
					"@executable_path/Frameworks",
				);
				MARKETING_VERSION = 1.0;
				PRODUCT_BUNDLE_IDENTIFIER = "com.neroble.app.iOS-Classes";
				PRODUCT_NAME = "$(TARGET_NAME)";
				SUPPORTED_PLATFORMS = "iphoneos iphonesimulator";
				SUPPORTS_MACCATALYST = NO;
				SUPPORTS_MAC_DESIGNED_FOR_IPHONE_IPAD = NO;
				SWIFT_EMIT_LOC_STRINGS = YES;
				SWIFT_VERSION = 5.0;
				TARGETED_DEVICE_FAMILY = 1;
			};
			name = Debug;
		};
		E40F56CA299CBC8D00578EC1 /* Release */ = {
			isa = XCBuildConfiguration;
			buildSettings = {
				ASSETCATALOG_COMPILER_APPICON_NAME = AppIcon;
				ASSETCATALOG_COMPILER_GLOBAL_ACCENT_COLOR_NAME = AccentColor;
				CODE_SIGN_STYLE = Automatic;
				CURRENT_PROJECT_VERSION = 1;
				DEVELOPMENT_TEAM = E62W3VPGQ5;
				GENERATE_INFOPLIST_FILE = YES;
				INFOPLIST_FILE = "iOS-Classes/Info.plist";
				INFOPLIST_KEY_UIApplicationSupportsIndirectInputEvents = YES;
				INFOPLIST_KEY_UILaunchStoryboardName = LaunchScreen;
				INFOPLIST_KEY_UIMainStoryboardFile = Main;
				INFOPLIST_KEY_UISupportedInterfaceOrientations = UIInterfaceOrientationPortrait;
				INFOPLIST_KEY_UISupportedInterfaceOrientations_iPad = "UIInterfaceOrientationLandscapeLeft UIInterfaceOrientationLandscapeRight UIInterfaceOrientationPortrait UIInterfaceOrientationPortraitUpsideDown";
				LD_RUNPATH_SEARCH_PATHS = (
					"$(inherited)",
					"@executable_path/Frameworks",
				);
				MARKETING_VERSION = 1.0;
				PRODUCT_BUNDLE_IDENTIFIER = "com.neroble.app.iOS-Classes";
				PRODUCT_NAME = "$(TARGET_NAME)";
				SUPPORTED_PLATFORMS = "iphoneos iphonesimulator";
				SUPPORTS_MACCATALYST = NO;
				SUPPORTS_MAC_DESIGNED_FOR_IPHONE_IPAD = NO;
				SWIFT_EMIT_LOC_STRINGS = YES;
				SWIFT_VERSION = 5.0;
				TARGETED_DEVICE_FAMILY = 1;
			};
			name = Release;
		};
/* End XCBuildConfiguration section */

/* Begin XCConfigurationList section */
		E40F56AF299CBC8B00578EC1 /* Build configuration list for PBXProject "iOS-Classes" */ = {
			isa = XCConfigurationList;
			buildConfigurations = (
				E40F56C6299CBC8D00578EC1 /* Debug */,
				E40F56C7299CBC8D00578EC1 /* Release */,
			);
			defaultConfigurationIsVisible = 0;
			defaultConfigurationName = Release;
		};
		E40F56C8299CBC8D00578EC1 /* Build configuration list for PBXNativeTarget "iOS-Classes" */ = {
			isa = XCConfigurationList;
			buildConfigurations = (
				E40F56C9299CBC8D00578EC1 /* Debug */,
				E40F56CA299CBC8D00578EC1 /* Release */,
			);
			defaultConfigurationIsVisible = 0;
			defaultConfigurationName = Release;
		};
/* End XCConfigurationList section */
	};
	rootObject = E40F56AC299CBC8B00578EC1 /* Project object */;
}
